
Microsoft Visual Studio Solution File, Format Version 12.00
# Visual Studio Version 16
VisualStudioVersion = 16.0.31624.102
MinimumVisualStudioVersion = 10.0.40219.1
Project("{FAE04EC0-301F-11D3-BF4B-00C04F79EFBC}") = "AgenciaBancaria.Dominio", "AgenciaBancaria.Dominio\AgenciaBancaria.Dominio.csproj", "{37FEC479-8265-4E2E-B410-A9F0646FD970}"
EndProject
Project("{FAE04EC0-301F-11D3-BF4B-00C04F79EFBC}") = "AgenciaBancaria.App", "AgenciaBancaria.App\AgenciaBancaria.App.csproj", "{E01B97B3-86DC-4B0F-B9AD-D1ACED6E7923}"
EndProject
Global
	GlobalSection(SolutionConfigurationPlatforms) = preSolution
		Debug|Any CPU = Debug|Any CPU
		Release|Any CPU = Release|Any CPU
	EndGlobalSection
	GlobalSection(ProjectConfigurationPlatforms) = postSolution
		{37FEC479-8265-4E2E-B410-A9F0646FD970}.Debug|Any CPU.ActiveCfg = Debug|Any CPU
		{37FEC479-8265-4E2E-B410-A9F0646FD970}.Debug|Any CPU.Build.0 = Debug|Any CPU
		{37FEC479-8265-4E2E-B410-A9F0646FD970}.Release|Any CPU.ActiveCfg = Release|Any CPU
		{37FEC479-8265-4E2E-B410-A9F0646FD970}.Release|Any CPU.Build.0 = Release|Any CPU
		{E01B97B3-86DC-4B0F-B9AD-D1ACED6E7923}.Debug|Any CPU.ActiveCfg = Debug|Any CPU
		{E01B97B3-86DC-4B0F-B9AD-D1ACED6E7923}.Debug|Any CPU.Build.0 = Debug|Any CPU
		{E01B97B3-86DC-4B0F-B9AD-D1ACED6E7923}.Release|Any CPU.ActiveCfg = Release|Any CPU
		{E01B97B3-86DC-4B0F-B9AD-D1ACED6E7923}.Release|Any CPU.Build.0 = Release|Any CPU
	EndGlobalSection
	GlobalSection(SolutionProperties) = preSolution
		HideSolutionNode = FALSE
	EndGlobalSection
	GlobalSection(ExtensibilityGlobals) = postSolution
		SolutionGuid = {2DF274E1-4236-4E19-BEE3-78E9304FA6CB}
	EndGlobalSection
EndGlobal
